
Microsoft Visual Studio Solution File, Format Version 11.00
# Visual Studio 2010
Project("{FAE04EC0-301F-11D3-BF4B-00C04F79EFBC}") = "FileFormat", "FileFormat\FileFormat.csproj", "{9CE2550B-EE1A-494F-AE1F-1BB44DEC1BCF}"
EndProject
Project("{2150E333-8FDC-42A3-9474-1A3956D46DE8}") = "Solution Items", "Solution Items", "{4317504A-5DF6-486A-AFCB-AC477C1CE177}"
	ProjectSection(SolutionItems) = preProject
		readme.md = readme.md
	EndProjectSection
EndProject
Global
	GlobalSection(SolutionConfigurationPlatforms) = preSolution
		Debug|x86 = Debug|x86
		RegExTests|x86 = RegExTests|x86
		Release|x86 = Release|x86
	EndGlobalSection
	GlobalSection(ProjectConfigurationPlatforms) = postSolution
		{9CE2550B-EE1A-494F-AE1F-1BB44DEC1BCF}.Debug|x86.ActiveCfg = Debug|x86
		{9CE2550B-EE1A-494F-AE1F-1BB44DEC1BCF}.Debug|x86.Build.0 = Debug|x86
		{9CE2550B-EE1A-494F-AE1F-1BB44DEC1BCF}.RegExTests|x86.ActiveCfg = RegExTests|x86
		{9CE2550B-EE1A-494F-AE1F-1BB44DEC1BCF}.Release|x86.ActiveCfg = Release|x86
		{9CE2550B-EE1A-494F-AE1F-1BB44DEC1BCF}.Release|x86.Build.0 = Release|x86
	EndGlobalSection
	GlobalSection(SolutionProperties) = preSolution
		HideSolutionNode = FALSE
	EndGlobalSection
	GlobalSection(ExtensibilityGlobals) = postSolution
		BuildVersion_UseGlobalSettings = True
	EndGlobalSection
EndGlobal
